
Microsoft Visual Studio Solution File, Format Version 12.00
# Visual Studio Version 17
VisualStudioVersion = 17.9.34616.47
MinimumVisualStudioVersion = 10.0.40219.1
Project("{FAE04EC0-301F-11D3-BF4B-00C04F79EFBC}") = "WebApiPerson", "WebApiPerson\WebApiPerson.csproj", "{42CE73AD-D1B2-4338-820D-FA4C64257048}"
EndProject
Global
	GlobalSection(SolutionConfigurationPlatforms) = preSolution
		Debug|Any CPU = Debug|Any CPU
		Release|Any CPU = Release|Any CPU
	EndGlobalSection
	GlobalSection(ProjectConfigurationPlatforms) = postSolution
		{42CE73AD-D1B2-4338-820D-FA4C64257048}.Debug|Any CPU.ActiveCfg = Debug|Any CPU
		{42CE73AD-D1B2-4338-820D-FA4C64257048}.Debug|Any CPU.Build.0 = Debug|Any CPU
		{42CE73AD-D1B2-4338-820D-FA4C64257048}.Release|Any CPU.ActiveCfg = Release|Any CPU
		{42CE73AD-D1B2-4338-820D-FA4C64257048}.Release|Any CPU.Build.0 = Release|Any CPU
	EndGlobalSection
	GlobalSection(SolutionProperties) = preSolution
		HideSolutionNode = FALSE
	EndGlobalSection
	GlobalSection(ExtensibilityGlobals) = postSolution
		SolutionGuid = {2D9FEBCB-92AA-4FA3-A4C4-FC130C893AFF}
	EndGlobalSection
EndGlobal
